# This file was autogenerated by Stack.
# You should not edit this file by hand.
# For more information, please see the documentation at:
#   https://docs.haskellstack.org/en/stable/lock_files

packages:
- completed:
    hackage: chessica-0.1.0.0@sha256:d4c7f422c8c12698b6460ecc87faf1dfefa5d5c6519a7f72979119604abcfe36,1694
    pantry-tree:
      sha256: 9d78f030fe3300352b86f701b95691b36c11f52a1749ae1ef5bf69373e6ef5c7
      size: 1967
  original:
    hackage: chessica-0.1.0.0
snapshots:
- completed:
    sha256: e176944bc843f740e05242fa7a66ca1f440c127e425254f7f1257f9b19add23f
    size: 712153
    url: https://raw.githubusercontent.com/commercialhaskell/stackage-snapshots/master/lts/22/0.yaml
  original:
    url: https://raw.githubusercontent.com/commercialhaskell/stackage-snapshots/master/lts/22/0.yaml
